
Microsoft Visual Studio Solution File, Format Version 12.00
# Visual Studio Version 17
VisualStudioVersion = 17.3.32929.385
MinimumVisualStudioVersion = 10.0.40219.1
Project("{FAE04EC0-301F-11D3-BF4B-00C04F79EFBC}") = "CorvinMoziUj", "CorvinMoziUj.csproj", "{5B570101-7971-4F26-87A5-90719D24F9E1}"
EndProject
Global
	GlobalSection(SolutionConfigurationPlatforms) = preSolution
		Debug|Any CPU = Debug|Any CPU
		Release|Any CPU = Release|Any CPU
	EndGlobalSection
	GlobalSection(ProjectConfigurationPlatforms) = postSolution
		{5B570101-7971-4F26-87A5-90719D24F9E1}.Debug|Any CPU.ActiveCfg = Debug|Any CPU
		{5B570101-7971-4F26-87A5-90719D24F9E1}.Debug|Any CPU.Build.0 = Debug|Any CPU
		{5B570101-7971-4F26-87A5-90719D24F9E1}.Release|Any CPU.ActiveCfg = Release|Any CPU
		{5B570101-7971-4F26-87A5-90719D24F9E1}.Release|Any CPU.Build.0 = Release|Any CPU
	EndGlobalSection
	GlobalSection(SolutionProperties) = preSolution
		HideSolutionNode = FALSE
	EndGlobalSection
	GlobalSection(ExtensibilityGlobals) = postSolution
		SolutionGuid = {E8255432-A56D-4450-A731-CB014E9A8B3C}
	EndGlobalSection
EndGlobal
